// !$*UTF8*$!
{
	archiveVersion = 1;
	classes = {
	};
	objectVersion = 46;
	objects = {

/* Begin PBXBuildFile section */
		5A9EBCF91951DC76002AC142 /* AppDelegate.swift in Sources */ = {isa = PBXBuildFile; fileRef = 5A9EBCF81951DC76002AC142 /* AppDelegate.swift */; };
		5A9EBCFB1951DC76002AC142 /* ViewController.swift in Sources */ = {isa = PBXBuildFile; fileRef = 5A9EBCFA1951DC76002AC142 /* ViewController.swift */; };
		5A9EBCFE1951DC76002AC142 /* Main.storyboard in Resources */ = {isa = PBXBuildFile; fileRef = 5A9EBCFC1951DC76002AC142 /* Main.storyboard */; };
		5A9EBD001951DC76002AC142 /* Images.xcassets in Resources */ = {isa = PBXBuildFile; fileRef = 5A9EBCFF1951DC76002AC142 /* Images.xcassets */; };
		5A9EBD0C1951DC76002AC142 /* SwiftaaTests.swift in Sources */ = {isa = PBXBuildFile; fileRef = 5A9EBD0B1951DC76002AC142 /* SwiftaaTests.swift */; };
/* End PBXBuildFile section */

/* Begin PBXContainerItemProxy section */
		5A9EBD061951DC76002AC142 /* PBXContainerItemProxy */ = {
			isa = PBXContainerItemProxy;
			containerPortal = 5A9EBCEB1951DC76002AC142 /* Project object */;
			proxyType = 1;
			remoteGlobalIDString = 5A9EBCF21951DC76002AC142;
			remoteInfo = Swiftaa;
		};
/* End PBXContainerItemProxy section */

/* Begin PBXFileReference section */
		5A9EBCF31951DC76002AC142 /* Swiftaa.app */ = {isa = PBXFileReference; explicitFileType = wrapper.application; includeInIndex = 0; path = Swiftaa.app; sourceTree = BUILT_PRODUCTS_DIR; };
		5A9EBCF71951DC76002AC142 /* Info.plist */ = {isa = PBXFileReference; lastKnownFileType = text.plist.xml; path = Info.plist; sourceTree = "<group>"; };
		5A9EBCF81951DC76002AC142 /* AppDelegate.swift */ = {isa = PBXFileReference; lastKnownFileType = sourcecode.swift; path = AppDelegate.swift; sourceTree = "<group>"; };
		5A9EBCFA1951DC76002AC142 /* ViewController.swift */ = {isa = PBXFileReference; lastKnownFileType = sourcecode.swift; path = ViewController.swift; sourceTree = "<group>"; };
		5A9EBCFD1951DC76002AC142 /* Base */ = {isa = PBXFileReference; lastKnownFileType = file.storyboard; name = Base; path = Base.lproj/Main.storyboard; sourceTree = "<group>"; };
		5A9EBCFF1951DC76002AC142 /* Images.xcassets */ = {isa = PBXFileReference; lastKnownFileType = folder.assetcatalog; path = Images.xcassets; sourceTree = "<group>"; };
		5A9EBD051951DC76002AC142 /* SwiftaaTests.xctest */ = {isa = PBXFileReference; explicitFileType = wrapper.cfbundle; includeInIndex = 0; path = SwiftaaTests.xctest; sourceTree = BUILT_PRODUCTS_DIR; };
		5A9EBD0A1951DC76002AC142 /* Info.plist */ = {isa = PBXFileReference; lastKnownFileType = text.plist.xml; path = Info.plist; sourceTree = "<group>"; };
		5A9EBD0B1951DC76002AC142 /* SwiftaaTests.swift */ = {isa = PBXFileReference; lastKnownFileType = sourcecode.swift; path = SwiftaaTests.swift; sourceTree = "<group>"; };
/* End PBXFileReference section */

/* Begin PBXFrameworksBuildPhase section */
		5A9EBCF01951DC76002AC142 /* Frameworks */ = {
			isa = PBXFrameworksBuildPhase;
			buildActionMask = 2147483647;
			files = (
			);
			runOnlyForDeploymentPostprocessing = 0;
		};
		5A9EBD021951DC76002AC142 /* Frameworks */ = {
			isa = PBXFrameworksBuildPhase;
			buildActionMask = 2147483647;
			files = (
			);
			runOnlyForDeploymentPostprocessing = 0;
		};
/* End PBXFrameworksBuildPhase section */

/* Begin PBXGroup section */
		5A9EBCEA1951DC76002AC142 = {
			isa = PBXGroup;
			children = (
				5A9EBCF51951DC76002AC142 /* Swiftaa */,
				5A9EBD081951DC76002AC142 /* SwiftaaTests */,
				5A9EBCF41951DC76002AC142 /* Products */,
			);
			sourceTree = "<group>";
		};
		5A9EBCF41951DC76002AC142 /* Products */ = {
			isa = PBXGroup;
			children = (
				5A9EBCF31951DC76002AC142 /* Swiftaa.app */,
				5A9EBD051951DC76002AC142 /* SwiftaaTests.xctest */,
			);
			name = Products;
			sourceTree = "<group>";
		};
		5A9EBCF51951DC76002AC142 /* Swiftaa */ = {
			isa = PBXGroup;
			children = (
				5A9EBCF81951DC76002AC142 /* AppDelegate.swift */,
				5A9EBCFA1951DC76002AC142 /* ViewController.swift */,
				5A9EBCFC1951DC76002AC142 /* Main.storyboard */,
				5A9EBCFF1951DC76002AC142 /* Images.xcassets */,
				5A9EBCF61951DC76002AC142 /* Supporting Files */,
			);
			path = Swiftaa;
			sourceTree = "<group>";
		};
		5A9EBCF61951DC76002AC142 /* Supporting Files */ = {
			isa = PBXGroup;
			children = (
				5A9EBCF71951DC76002AC142 /* Info.plist */,
			);
			name = "Supporting Files";
			sourceTree = "<group>";
		};
		5A9EBD081951DC76002AC142 /* SwiftaaTests */ = {
			isa = PBXGroup;
			children = (
				5A9EBD0B1951DC76002AC142 /* SwiftaaTests.swift */,
				5A9EBD091951DC76002AC142 /* Supporting Files */,
			);
			path = SwiftaaTests;
			sourceTree = "<group>";
		};
		5A9EBD091951DC76002AC142 /* Supporting Files */ = {
			isa = PBXGroup;
			children = (
				5A9EBD0A1951DC76002AC142 /* Info.plist */,
			);
			name = "Supporting Files";
			sourceTree = "<group>";
		};
/* End PBXGroup section */

/* Begin PBXNativeTarget section */
		5A9EBCF21951DC76002AC142 /* Swiftaa */ = {
			isa = PBXNativeTarget;
			buildConfigurationList = 5A9EBD0F1951DC76002AC142 /* Build configuration list for PBXNativeTarget "Swiftaa" */;
			buildPhases = (
				5A9EBCEF1951DC76002AC142 /* Sources */,
				5A9EBCF01951DC76002AC142 /* Frameworks */,
				5A9EBCF11951DC76002AC142 /* Resources */,
			);
			buildRules = (
			);
			dependencies = (
			);
			name = Swiftaa;
			productName = Swiftaa;
			productReference = 5A9EBCF31951DC76002AC142 /* Swiftaa.app */;
			productType = "com.apple.product-type.application";
		};
		5A9EBD041951DC76002AC142 /* SwiftaaTests */ = {
			isa = PBXNativeTarget;
			buildConfigurationList = 5A9EBD121951DC76002AC142 /* Build configuration list for PBXNativeTarget "SwiftaaTests" */;
			buildPhases = (
				5A9EBD011951DC76002AC142 /* Sources */,
				5A9EBD021951DC76002AC142 /* Frameworks */,
				5A9EBD031951DC76002AC142 /* Resources */,
			);
			buildRules = (
			);
			dependencies = (
				5A9EBD071951DC76002AC142 /* PBXTargetDependency */,
			);
			name = SwiftaaTests;
			productName = SwiftaaTests;
			productReference = 5A9EBD051951DC76002AC142 /* SwiftaaTests.xctest */;
			productType = "com.apple.product-type.bundle.unit-test";
		};
/* End PBXNativeTarget section */

/* Begin PBXProject section */
		5A9EBCEB1951DC76002AC142 /* Project object */ = {
			isa = PBXProject;
			attributes = {
				LastUpgradeCheck = 0600;
				ORGANIZATIONNAME = ExcepApps;
				TargetAttributes = {
					5A9EBCF21951DC76002AC142 = {
						CreatedOnToolsVersion = 6.0;
					};
					5A9EBD041951DC76002AC142 = {
						CreatedOnToolsVersion = 6.0;
						TestTargetID = 5A9EBCF21951DC76002AC142;
					};
				};
			};
			buildConfigurationList = 5A9EBCEE1951DC76002AC142 /* Build configuration list for PBXProject "Swiftaa" */;
			compatibilityVersion = "Xcode 3.2";
			developmentRegion = English;
			hasScannedForEncodings = 0;
			knownRegions = (
				en,
				Base,
			);
			mainGroup = 5A9EBCEA1951DC76002AC142;
			productRefGroup = 5A9EBCF41951DC76002AC142 /* Products */;
			projectDirPath = "";
			projectRoot = "";
			targets = (
				5A9EBCF21951DC76002AC142 /* Swiftaa */,
				5A9EBD041951DC76002AC142 /* SwiftaaTests */,
			);
		};
/* End PBXProject section */

/* Begin PBXResourcesBuildPhase section */
		5A9EBCF11951DC76002AC142 /* Resources */ = {
			isa = PBXResourcesBuildPhase;
			buildActionMask = 2147483647;
			files = (
				5A9EBCFE1951DC76002AC142 /* Main.storyboard in Resources */,
				5A9EBD001951DC76002AC142 /* Images.xcassets in Resources */,
			);
			runOnlyForDeploymentPostprocessing = 0;
		};
		5A9EBD031951DC76002AC142 /* Resources */ = {
			isa = PBXResourcesBuildPhase;
			buildActionMask = 2147483647;
			files = (
			);
			runOnlyForDeploymentPostprocessing = 0;
		};
/* End PBXResourcesBuildPhase section */

/* Begin PBXSourcesBuildPhase section */
		5A9EBCEF1951DC76002AC142 /* Sources */ = {
			isa = PBXSourcesBuildPhase;
			buildActionMask = 2147483647;
			files = (
				5A9EBCFB1951DC76002AC142 /* ViewController.swift in Sources */,
				5A9EBCF91951DC76002AC142 /* AppDelegate.swift in Sources */,
			);
			runOnlyForDeploymentPostprocessing = 0;
		};
		5A9EBD011951DC76002AC142 /* Sources */ = {
			isa = PBXSourcesBuildPhase;
			buildActionMask = 2147483647;
			files = (
				5A9EBD0C1951DC76002AC142 /* SwiftaaTests.swift in Sources */,
			);
			runOnlyForDeploymentPostprocessing = 0;
		};
/* End PBXSourcesBuildPhase section */

/* Begin PBXTargetDependency section */
		5A9EBD071951DC76002AC142 /* PBXTargetDependency */ = {
			isa = PBXTargetDependency;
			target = 5A9EBCF21951DC76002AC142 /* Swiftaa */;
			targetProxy = 5A9EBD061951DC76002AC142 /* PBXContainerItemProxy */;
		};
/* End PBXTargetDependency section */

/* Begin PBXVariantGroup section */
		5A9EBCFC1951DC76002AC142 /* Main.storyboard */ = {
			isa = PBXVariantGroup;
			children = (
				5A9EBCFD1951DC76002AC142 /* Base */,
			);
			name = Main.storyboard;
			sourceTree = "<group>";
		};
/* End PBXVariantGroup section */

/* Begin XCBuildConfiguration section */
		5A9EBD0D1951DC76002AC142 /* Debug */ = {
			isa = XCBuildConfiguration;
			buildSettings = {
				ALWAYS_SEARCH_USER_PATHS = NO;
				CLANG_CXX_LANGUAGE_STANDARD = "gnu++0x";
				CLANG_CXX_LIBRARY = "libc++";
				CLANG_ENABLE_MODULES = YES;
				CLANG_ENABLE_OBJC_ARC = YES;
				CLANG_WARN_BOOL_CONVERSION = YES;
				CLANG_WARN_CONSTANT_CONVERSION = YES;
				CLANG_WARN_DIRECT_OBJC_ISA_USAGE = YES_ERROR;
				CLANG_WARN_EMPTY_BODY = YES;
				CLANG_WARN_ENUM_CONVERSION = YES;
				CLANG_WARN_INT_CONVERSION = YES;
				CLANG_WARN_OBJC_ROOT_CLASS = YES_ERROR;
				CLANG_WARN_UNREACHABLE_CODE = YES;
				CLANG_WARN__DUPLICATE_METHOD_MATCH = YES;
				"CODE_SIGN_IDENTITY[sdk=iphoneos*]" = "iPhone Developer";
				COPY_PHASE_STRIP = NO;
				ENABLE_STRICT_OBJC_MSGSEND = YES;
				GCC_C_LANGUAGE_STANDARD = gnu99;
				GCC_DYNAMIC_NO_PIC = NO;
				GCC_OPTIMIZATION_LEVEL = 0;
				GCC_PREPROCESSOR_DEFINITIONS = (
					"DEBUG=1",
					"$(inherited)",
				);
				GCC_SYMBOLS_PRIVATE_EXTERN = NO;
				GCC_WARN_64_TO_32_BIT_CONVERSION = YES;
				GCC_WARN_ABOUT_RETURN_TYPE = YES_ERROR;
				GCC_WARN_UNDECLARED_SELECTOR = YES;
				GCC_WARN_UNINITIALIZED_AUTOS = YES_AGGRESSIVE;
				GCC_WARN_UNUSED_FUNCTION = YES;
				GCC_WARN_UNUSED_VARIABLE = YES;
				IPHONEOS_DEPLOYMENT_TARGET = 8.0;
				METAL_ENABLE_DEBUG_INFO = YES;
				ONLY_ACTIVE_ARCH = YES;
				SDKROOT = iphoneos;
				SWIFT_OPTIMIZATION_LEVEL = "-Onone";
			};
			name = Debug;
		};
		5A9EBD0E1951DC76002AC142 /* Release */ = {
			isa = XCBuildConfiguration;
			buildSettings = {
				ALWAYS_SEARCH_USER_PATHS = NO;
				CLANG_CXX_LANGUAGE_STANDARD = "gnu++0x";
				CLANG_CXX_LIBRARY = "libc++";
				CLANG_ENABLE_MODULES = YES;
				CLANG_ENABLE_OBJC_ARC = YES;
				CLANG_WARN_BOOL_CONVERSION = YES;
				CLANG_WARN_CONSTANT_CONVERSION = YES;
				CLANG_WARN_DIRECT_OBJC_ISA_USAGE = YES_ERROR;
				CLANG_WARN_EMPTY_BODY = YES;
				CLANG_WARN_ENUM_CONVERSION = YES;
				CLANG_WARN_INT_CONVERSION = YES;
				CLANG_WARN_OBJC_ROOT_CLASS = YES_ERROR;
				CLANG_WARN_UNREACHABLE_CODE = YES;
				CLANG_WARN__DUPLICATE_METHOD_MATCH = YES;
				"CODE_SIGN_IDENTITY[sdk=iphoneos*]" = "iPhone Developer";
				COPY_PHASE_STRIP = YES;
				ENABLE_NS_ASSERTIONS = NO;
				ENABLE_STRICT_OBJC_MSGSEND = YES;
				GCC_C_LANGUAGE_STANDARD = gnu99;
				GCC_WARN_64_TO_32_BIT_CONVERSION = YES;
				GCC_WARN_ABOUT_RETURN_TYPE = YES_ERROR;
				GCC_WARN_UNDECLARED_SELECTOR = YES;
				GCC_WARN_UNINITIALIZED_AUTOS = YES_AGGRESSIVE;
				GCC_WARN_UNUSED_FUNCTION = YES;
				GCC_WARN_UNUSED_VARIABLE = YES;
				IPHONEOS_DEPLOYMENT_TARGET = 8.0;
				METAL_ENABLE_DEBUG_INFO = NO;
				SDKROOT = iphoneos;
				VALIDATE_PRODUCT = YES;
			};
			name = Release;
		};
		5A9EBD101951DC76002AC142 /* Debug */ = {
			isa = XCBuildConfiguration;
			buildSettings = {
				ASSETCATALOG_COMPILER_APPICON_NAME = AppIcon;
				ASSETCATALOG_COMPILER_LAUNCHIMAGE_NAME = LaunchImage;
				INFOPLIST_FILE = Swiftaa/Info.plist;
				IPHONEOS_DEPLOYMENT_TARGET = 7.1;
				LD_RUNPATH_SEARCH_PATHS = "$(inherited) @executable_path/Frameworks";
				PRODUCT_NAME = "$(TARGET_NAME)";
			};
			name = Debug;
		};
		5A9EBD111951DC76002AC142 /* Release */ = {
			isa = XCBuildConfiguration;
			buildSettings = {
				ASSETCATALOG_COMPILER_APPICON_NAME = AppIcon;
				ASSETCATALOG_COMPILER_LAUNCHIMAGE_NAME = LaunchImage;
				INFOPLIST_FILE = Swiftaa/Info.plist;
				IPHONEOS_DEPLOYMENT_TARGET = 7.1;
				LD_RUNPATH_SEARCH_PATHS = "$(inherited) @executable_path/Frameworks";
				PRODUCT_NAME = "$(TARGET_NAME)";
			};
			name = Release;
		};
		5A9EBD131951DC76002AC142 /* Debug */ = {
			isa = XCBuildConfiguration;
			buildSettings = {
				BUNDLE_LOADER = "$(BUILT_PRODUCTS_DIR)/Swiftaa.app/Swiftaa";
				FRAMEWORK_SEARCH_PATHS = (
					"$(SDKROOT)/Developer/Library/Frameworks",
					"$(inherited)",
				);
				GCC_PREPROCESSOR_DEFINITIONS = (
					"DEBUG=1",
					"$(inherited)",
				);
				INFOPLIST_FILE = SwiftaaTests/Info.plist;
				LD_RUNPATH_SEARCH_PATHS = "$(inherited) @executable_path/Frameworks @loader_path/Frameworks";
				METAL_ENABLE_DEBUG_INFO = YES;
				PRODUCT_NAME = "$(TARGET_NAME)";
				TEST_HOST = "$(BUNDLE_LOADER)";
			};
			name = Debug;
		};
		5A9EBD141951DC76002AC142 /* Release */ = {
			isa = XCBuildConfiguration;
			buildSettings = {
				BUNDLE_LOADER = "$(BUILT_PRODUCTS_DIR)/Swiftaa.app/Swiftaa";
				FRAMEWORK_SEARCH_PATHS = (
					"$(SDKROOT)/Developer/Library/Frameworks",
					"$(inherited)",
				);
				INFOPLIST_FILE = SwiftaaTests/Info.plist;
				LD_RUNPATH_SEARCH_PATHS = "$(inherited) @executable_path/Frameworks @loader_path/Frameworks";
				METAL_ENABLE_DEBUG_INFO = NO;
				PRODUCT_NAME = "$(TARGET_NAME)";
				TEST_HOST = "$(BUNDLE_LOADER)";
			};
			name = Release;
		};
/* End XCBuildConfiguration section */

/* Begin XCConfigurationList section */
		5A9EBCEE1951DC76002AC142 /* Build configuration list for PBXProject "Swiftaa" */ = {
			isa = XCConfigurationList;
			buildConfigurations = (
				5A9EBD0D1951DC76002AC142 /* Debug */,
				5A9EBD0E1951DC76002AC142 /* Release */,
			);
			defaultConfigurationIsVisible = 0;
			defaultConfigurationName = Release;
		};
		5A9EBD0F1951DC76002AC142 /* Build configuration list for PBXNativeTarget "Swiftaa" */ = {
			isa = XCConfigurationList;
			buildConfigurations = (
				5A9EBD101951DC76002AC142 /* Debug */,
				5A9EBD111951DC76002AC142 /* Release */,
			);
			defaultConfigurationIsVisible = 0;
		};
		5A9EBD121951DC76002AC142 /* Build configuration list for PBXNativeTarget "SwiftaaTests" */ = {
			isa = XCConfigurationList;
			buildConfigurations = (
				5A9EBD131951DC76002AC142 /* Debug */,
				5A9EBD141951DC76002AC142 /* Release */,
			);
			defaultConfigurationIsVisible = 0;
		};
/* End XCConfigurationList section */
	};
	rootObject = 5A9EBCEB1951DC76002AC142 /* Project object */;
}
