// !$*UTF8*$!
{
	archiveVersion = 1;
	classes = {
	};
	objectVersion = 46;
	objects = {

/* Begin PBXBuildFile section */
		5A9F99401959B05B00A77EC6 /* Foundation.framework in Frameworks */ = {isa = PBXBuildFile; fileRef = 5A9F993F1959B05B00A77EC6 /* Foundation.framework */; };
		5A9F99421959B05B00A77EC6 /* CoreGraphics.framework in Frameworks */ = {isa = PBXBuildFile; fileRef = 5A9F99411959B05B00A77EC6 /* CoreGraphics.framework */; };
		5A9F99441959B05B00A77EC6 /* UIKit.framework in Frameworks */ = {isa = PBXBuildFile; fileRef = 5A9F99431959B05B00A77EC6 /* UIKit.framework */; };
		5A9F994A1959B05B00A77EC6 /* InfoPlist.strings in Resources */ = {isa = PBXBuildFile; fileRef = 5A9F99481959B05B00A77EC6 /* InfoPlist.strings */; };
		5A9F994C1959B05B00A77EC6 /* main.m in Sources */ = {isa = PBXBuildFile; fileRef = 5A9F994B1959B05B00A77EC6 /* main.m */; };
		5A9F99501959B05B00A77EC6 /* ECTAppDelegate.m in Sources */ = {isa = PBXBuildFile; fileRef = 5A9F994F1959B05B00A77EC6 /* ECTAppDelegate.m */; };
		5A9F99531959B05B00A77EC6 /* Main_iPhone.storyboard in Resources */ = {isa = PBXBuildFile; fileRef = 5A9F99511959B05B00A77EC6 /* Main_iPhone.storyboard */; };
		5A9F99561959B05B00A77EC6 /* Main_iPad.storyboard in Resources */ = {isa = PBXBuildFile; fileRef = 5A9F99541959B05B00A77EC6 /* Main_iPad.storyboard */; };
		5A9F99591959B05B00A77EC6 /* ECTViewController.m in Sources */ = {isa = PBXBuildFile; fileRef = 5A9F99581959B05B00A77EC6 /* ECTViewController.m */; };
		5A9F995B1959B05B00A77EC6 /* Images.xcassets in Resources */ = {isa = PBXBuildFile; fileRef = 5A9F995A1959B05B00A77EC6 /* Images.xcassets */; };
		5A9F99621959B05B00A77EC6 /* XCTest.framework in Frameworks */ = {isa = PBXBuildFile; fileRef = 5A9F99611959B05B00A77EC6 /* XCTest.framework */; };
		5A9F99631959B05B00A77EC6 /* Foundation.framework in Frameworks */ = {isa = PBXBuildFile; fileRef = 5A9F993F1959B05B00A77EC6 /* Foundation.framework */; };
		5A9F99641959B05B00A77EC6 /* UIKit.framework in Frameworks */ = {isa = PBXBuildFile; fileRef = 5A9F99431959B05B00A77EC6 /* UIKit.framework */; };
		5A9F996C1959B05B00A77EC6 /* InfoPlist.strings in Resources */ = {isa = PBXBuildFile; fileRef = 5A9F996A1959B05B00A77EC6 /* InfoPlist.strings */; };
		5A9F996E1959B05B00A77EC6 /* aniAniTests.m in Sources */ = {isa = PBXBuildFile; fileRef = 5A9F996D1959B05B00A77EC6 /* aniAniTests.m */; };
		5A9F99781959B58C00A77EC6 /* QuartzCore.framework in Frameworks */ = {isa = PBXBuildFile; fileRef = 5A9F99771959B58C00A77EC6 /* QuartzCore.framework */; };
		5A9F997A1959BB6500A77EC6 /* electricdodds.jpeg in Resources */ = {isa = PBXBuildFile; fileRef = 5A9F99791959BB6500A77EC6 /* electricdodds.jpeg */; };
/* End PBXBuildFile section */

/* Begin PBXContainerItemProxy section */
		5A9F99651959B05B00A77EC6 /* PBXContainerItemProxy */ = {
			isa = PBXContainerItemProxy;
			containerPortal = 5A9F99341959B05B00A77EC6 /* Project object */;
			proxyType = 1;
			remoteGlobalIDString = 5A9F993B1959B05B00A77EC6;
			remoteInfo = aniAni;
		};
/* End PBXContainerItemProxy section */

/* Begin PBXFileReference section */
		5A9F993C1959B05B00A77EC6 /* aniAni.app */ = {isa = PBXFileReference; explicitFileType = wrapper.application; includeInIndex = 0; path = aniAni.app; sourceTree = BUILT_PRODUCTS_DIR; };
		5A9F993F1959B05B00A77EC6 /* Foundation.framework */ = {isa = PBXFileReference; lastKnownFileType = wrapper.framework; name = Foundation.framework; path = System/Library/Frameworks/Foundation.framework; sourceTree = SDKROOT; };
		5A9F99411959B05B00A77EC6 /* CoreGraphics.framework */ = {isa = PBXFileReference; lastKnownFileType = wrapper.framework; name = CoreGraphics.framework; path = System/Library/Frameworks/CoreGraphics.framework; sourceTree = SDKROOT; };
		5A9F99431959B05B00A77EC6 /* UIKit.framework */ = {isa = PBXFileReference; lastKnownFileType = wrapper.framework; name = UIKit.framework; path = System/Library/Frameworks/UIKit.framework; sourceTree = SDKROOT; };
		5A9F99471959B05B00A77EC6 /* aniAni-Info.plist */ = {isa = PBXFileReference; lastKnownFileType = text.plist.xml; path = "aniAni-Info.plist"; sourceTree = "<group>"; };
		5A9F99491959B05B00A77EC6 /* en */ = {isa = PBXFileReference; lastKnownFileType = text.plist.strings; name = en; path = en.lproj/InfoPlist.strings; sourceTree = "<group>"; };
		5A9F994B1959B05B00A77EC6 /* main.m */ = {isa = PBXFileReference; lastKnownFileType = sourcecode.c.objc; path = main.m; sourceTree = "<group>"; };
		5A9F994D1959B05B00A77EC6 /* aniAni-Prefix.pch */ = {isa = PBXFileReference; lastKnownFileType = sourcecode.c.h; path = "aniAni-Prefix.pch"; sourceTree = "<group>"; };
		5A9F994E1959B05B00A77EC6 /* ECTAppDelegate.h */ = {isa = PBXFileReference; lastKnownFileType = sourcecode.c.h; path = ECTAppDelegate.h; sourceTree = "<group>"; };
		5A9F994F1959B05B00A77EC6 /* ECTAppDelegate.m */ = {isa = PBXFileReference; lastKnownFileType = sourcecode.c.objc; path = ECTAppDelegate.m; sourceTree = "<group>"; };
		5A9F99521959B05B00A77EC6 /* Base */ = {isa = PBXFileReference; lastKnownFileType = file.storyboard; name = Base; path = Base.lproj/Main_iPhone.storyboard; sourceTree = "<group>"; };
		5A9F99551959B05B00A77EC6 /* Base */ = {isa = PBXFileReference; lastKnownFileType = file.storyboard; name = Base; path = Base.lproj/Main_iPad.storyboard; sourceTree = "<group>"; };
		5A9F99571959B05B00A77EC6 /* ECTViewController.h */ = {isa = PBXFileReference; lastKnownFileType = sourcecode.c.h; path = ECTViewController.h; sourceTree = "<group>"; };
		5A9F99581959B05B00A77EC6 /* ECTViewController.m */ = {isa = PBXFileReference; lastKnownFileType = sourcecode.c.objc; path = ECTViewController.m; sourceTree = "<group>"; };
		5A9F995A1959B05B00A77EC6 /* Images.xcassets */ = {isa = PBXFileReference; lastKnownFileType = folder.assetcatalog; path = Images.xcassets; sourceTree = "<group>"; };
		5A9F99601959B05B00A77EC6 /* aniAniTests.xctest */ = {isa = PBXFileReference; explicitFileType = wrapper.cfbundle; includeInIndex = 0; path = aniAniTests.xctest; sourceTree = BUILT_PRODUCTS_DIR; };
		5A9F99611959B05B00A77EC6 /* XCTest.framework */ = {isa = PBXFileReference; lastKnownFileType = wrapper.framework; name = XCTest.framework; path = Library/Frameworks/XCTest.framework; sourceTree = DEVELOPER_DIR; };
		5A9F99691959B05B00A77EC6 /* aniAniTests-Info.plist */ = {isa = PBXFileReference; lastKnownFileType = text.plist.xml; path = "aniAniTests-Info.plist"; sourceTree = "<group>"; };
		5A9F996B1959B05B00A77EC6 /* en */ = {isa = PBXFileReference; lastKnownFileType = text.plist.strings; name = en; path = en.lproj/InfoPlist.strings; sourceTree = "<group>"; };
		5A9F996D1959B05B00A77EC6 /* aniAniTests.m */ = {isa = PBXFileReference; lastKnownFileType = sourcecode.c.objc; path = aniAniTests.m; sourceTree = "<group>"; };
		5A9F99771959B58C00A77EC6 /* QuartzCore.framework */ = {isa = PBXFileReference; lastKnownFileType = wrapper.framework; name = QuartzCore.framework; path = System/Library/Frameworks/QuartzCore.framework; sourceTree = SDKROOT; };
		5A9F99791959BB6500A77EC6 /* electricdodds.jpeg */ = {isa = PBXFileReference; lastKnownFileType = image.jpeg; name = electricdodds.jpeg; path = ../../electricdodds.jpeg; sourceTree = "<group>"; };
/* End PBXFileReference section */

/* Begin PBXFrameworksBuildPhase section */
		5A9F99391959B05B00A77EC6 /* Frameworks */ = {
			isa = PBXFrameworksBuildPhase;
			buildActionMask = 2147483647;
			files = (
				5A9F99781959B58C00A77EC6 /* QuartzCore.framework in Frameworks */,
				5A9F99421959B05B00A77EC6 /* CoreGraphics.framework in Frameworks */,
				5A9F99441959B05B00A77EC6 /* UIKit.framework in Frameworks */,
				5A9F99401959B05B00A77EC6 /* Foundation.framework in Frameworks */,
			);
			runOnlyForDeploymentPostprocessing = 0;
		};
		5A9F995D1959B05B00A77EC6 /* Frameworks */ = {
			isa = PBXFrameworksBuildPhase;
			buildActionMask = 2147483647;
			files = (
				5A9F99621959B05B00A77EC6 /* XCTest.framework in Frameworks */,
				5A9F99641959B05B00A77EC6 /* UIKit.framework in Frameworks */,
				5A9F99631959B05B00A77EC6 /* Foundation.framework in Frameworks */,
			);
			runOnlyForDeploymentPostprocessing = 0;
		};
/* End PBXFrameworksBuildPhase section */

/* Begin PBXGroup section */
		5A9F99331959B05B00A77EC6 = {
			isa = PBXGroup;
			children = (
				5A9F99451959B05B00A77EC6 /* aniAni */,
				5A9F99671959B05B00A77EC6 /* aniAniTests */,
				5A9F993E1959B05B00A77EC6 /* Frameworks */,
				5A9F993D1959B05B00A77EC6 /* Products */,
			);
			sourceTree = "<group>";
		};
		5A9F993D1959B05B00A77EC6 /* Products */ = {
			isa = PBXGroup;
			children = (
				5A9F993C1959B05B00A77EC6 /* aniAni.app */,
				5A9F99601959B05B00A77EC6 /* aniAniTests.xctest */,
			);
			name = Products;
			sourceTree = "<group>";
		};
		5A9F993E1959B05B00A77EC6 /* Frameworks */ = {
			isa = PBXGroup;
			children = (
				5A9F99771959B58C00A77EC6 /* QuartzCore.framework */,
				5A9F993F1959B05B00A77EC6 /* Foundation.framework */,
				5A9F99411959B05B00A77EC6 /* CoreGraphics.framework */,
				5A9F99431959B05B00A77EC6 /* UIKit.framework */,
				5A9F99611959B05B00A77EC6 /* XCTest.framework */,
			);
			name = Frameworks;
			sourceTree = "<group>";
		};
		5A9F99451959B05B00A77EC6 /* aniAni */ = {
			isa = PBXGroup;
			children = (
				5A9F994E1959B05B00A77EC6 /* ECTAppDelegate.h */,
				5A9F994F1959B05B00A77EC6 /* ECTAppDelegate.m */,
				5A9F99511959B05B00A77EC6 /* Main_iPhone.storyboard */,
				5A9F99541959B05B00A77EC6 /* Main_iPad.storyboard */,
				5A9F99571959B05B00A77EC6 /* ECTViewController.h */,
				5A9F99581959B05B00A77EC6 /* ECTViewController.m */,
				5A9F995A1959B05B00A77EC6 /* Images.xcassets */,
				5A9F99791959BB6500A77EC6 /* electricdodds.jpeg */,
				5A9F99461959B05B00A77EC6 /* Supporting Files */,
			);
			path = aniAni;
			sourceTree = "<group>";
		};
		5A9F99461959B05B00A77EC6 /* Supporting Files */ = {
			isa = PBXGroup;
			children = (
				5A9F99471959B05B00A77EC6 /* aniAni-Info.plist */,
				5A9F99481959B05B00A77EC6 /* InfoPlist.strings */,
				5A9F994B1959B05B00A77EC6 /* main.m */,
				5A9F994D1959B05B00A77EC6 /* aniAni-Prefix.pch */,
			);
			name = "Supporting Files";
			sourceTree = "<group>";
		};
		5A9F99671959B05B00A77EC6 /* aniAniTests */ = {
			isa = PBXGroup;
			children = (
				5A9F996D1959B05B00A77EC6 /* aniAniTests.m */,
				5A9F99681959B05B00A77EC6 /* Supporting Files */,
			);
			path = aniAniTests;
			sourceTree = "<group>";
		};
		5A9F99681959B05B00A77EC6 /* Supporting Files */ = {
			isa = PBXGroup;
			children = (
				5A9F99691959B05B00A77EC6 /* aniAniTests-Info.plist */,
				5A9F996A1959B05B00A77EC6 /* InfoPlist.strings */,
			);
			name = "Supporting Files";
			sourceTree = "<group>";
		};
/* End PBXGroup section */

/* Begin PBXNativeTarget section */
		5A9F993B1959B05B00A77EC6 /* aniAni */ = {
			isa = PBXNativeTarget;
			buildConfigurationList = 5A9F99711959B05B00A77EC6 /* Build configuration list for PBXNativeTarget "aniAni" */;
			buildPhases = (
				5A9F99381959B05B00A77EC6 /* Sources */,
				5A9F99391959B05B00A77EC6 /* Frameworks */,
				5A9F993A1959B05B00A77EC6 /* Resources */,
			);
			buildRules = (
			);
			dependencies = (
			);
			name = aniAni;
			productName = aniAni;
			productReference = 5A9F993C1959B05B00A77EC6 /* aniAni.app */;
			productType = "com.apple.product-type.application";
		};
		5A9F995F1959B05B00A77EC6 /* aniAniTests */ = {
			isa = PBXNativeTarget;
			buildConfigurationList = 5A9F99741959B05B00A77EC6 /* Build configuration list for PBXNativeTarget "aniAniTests" */;
			buildPhases = (
				5A9F995C1959B05B00A77EC6 /* Sources */,
				5A9F995D1959B05B00A77EC6 /* Frameworks */,
				5A9F995E1959B05B00A77EC6 /* Resources */,
			);
			buildRules = (
			);
			dependencies = (
				5A9F99661959B05B00A77EC6 /* PBXTargetDependency */,
			);
			name = aniAniTests;
			productName = aniAniTests;
			productReference = 5A9F99601959B05B00A77EC6 /* aniAniTests.xctest */;
			productType = "com.apple.product-type.bundle.unit-test";
		};
/* End PBXNativeTarget section */

/* Begin PBXProject section */
		5A9F99341959B05B00A77EC6 /* Project object */ = {
			isa = PBXProject;
			attributes = {
				CLASSPREFIX = ECT;
				LastUpgradeCheck = 0510;
				ORGANIZATIONNAME = ExcepApps;
				TargetAttributes = {
					5A9F995F1959B05B00A77EC6 = {
						TestTargetID = 5A9F993B1959B05B00A77EC6;
					};
				};
			};
			buildConfigurationList = 5A9F99371959B05B00A77EC6 /* Build configuration list for PBXProject "aniAni" */;
			compatibilityVersion = "Xcode 3.2";
			developmentRegion = English;
			hasScannedForEncodings = 0;
			knownRegions = (
				en,
				Base,
			);
			mainGroup = 5A9F99331959B05B00A77EC6;
			productRefGroup = 5A9F993D1959B05B00A77EC6 /* Products */;
			projectDirPath = "";
			projectRoot = "";
			targets = (
				5A9F993B1959B05B00A77EC6 /* aniAni */,
				5A9F995F1959B05B00A77EC6 /* aniAniTests */,
			);
		};
/* End PBXProject section */

/* Begin PBXResourcesBuildPhase section */
		5A9F993A1959B05B00A77EC6 /* Resources */ = {
			isa = PBXResourcesBuildPhase;
			buildActionMask = 2147483647;
			files = (
				5A9F99561959B05B00A77EC6 /* Main_iPad.storyboard in Resources */,
				5A9F995B1959B05B00A77EC6 /* Images.xcassets in Resources */,
				5A9F997A1959BB6500A77EC6 /* electricdodds.jpeg in Resources */,
				5A9F99531959B05B00A77EC6 /* Main_iPhone.storyboard in Resources */,
				5A9F994A1959B05B00A77EC6 /* InfoPlist.strings in Resources */,
			);
			runOnlyForDeploymentPostprocessing = 0;
		};
		5A9F995E1959B05B00A77EC6 /* Resources */ = {
			isa = PBXResourcesBuildPhase;
			buildActionMask = 2147483647;
			files = (
				5A9F996C1959B05B00A77EC6 /* InfoPlist.strings in Resources */,
			);
			runOnlyForDeploymentPostprocessing = 0;
		};
/* End PBXResourcesBuildPhase section */

/* Begin PBXSourcesBuildPhase section */
		5A9F99381959B05B00A77EC6 /* Sources */ = {
			isa = PBXSourcesBuildPhase;
			buildActionMask = 2147483647;
			files = (
				5A9F99591959B05B00A77EC6 /* ECTViewController.m in Sources */,
				5A9F994C1959B05B00A77EC6 /* main.m in Sources */,
				5A9F99501959B05B00A77EC6 /* ECTAppDelegate.m in Sources */,
			);
			runOnlyForDeploymentPostprocessing = 0;
		};
		5A9F995C1959B05B00A77EC6 /* Sources */ = {
			isa = PBXSourcesBuildPhase;
			buildActionMask = 2147483647;
			files = (
				5A9F996E1959B05B00A77EC6 /* aniAniTests.m in Sources */,
			);
			runOnlyForDeploymentPostprocessing = 0;
		};
/* End PBXSourcesBuildPhase section */

/* Begin PBXTargetDependency section */
		5A9F99661959B05B00A77EC6 /* PBXTargetDependency */ = {
			isa = PBXTargetDependency;
			target = 5A9F993B1959B05B00A77EC6 /* aniAni */;
			targetProxy = 5A9F99651959B05B00A77EC6 /* PBXContainerItemProxy */;
		};
/* End PBXTargetDependency section */

/* Begin PBXVariantGroup section */
		5A9F99481959B05B00A77EC6 /* InfoPlist.strings */ = {
			isa = PBXVariantGroup;
			children = (
				5A9F99491959B05B00A77EC6 /* en */,
			);
			name = InfoPlist.strings;
			sourceTree = "<group>";
		};
		5A9F99511959B05B00A77EC6 /* Main_iPhone.storyboard */ = {
			isa = PBXVariantGroup;
			children = (
				5A9F99521959B05B00A77EC6 /* Base */,
			);
			name = Main_iPhone.storyboard;
			sourceTree = "<group>";
		};
		5A9F99541959B05B00A77EC6 /* Main_iPad.storyboard */ = {
			isa = PBXVariantGroup;
			children = (
				5A9F99551959B05B00A77EC6 /* Base */,
			);
			name = Main_iPad.storyboard;
			sourceTree = "<group>";
		};
		5A9F996A1959B05B00A77EC6 /* InfoPlist.strings */ = {
			isa = PBXVariantGroup;
			children = (
				5A9F996B1959B05B00A77EC6 /* en */,
			);
			name = InfoPlist.strings;
			sourceTree = "<group>";
		};
/* End PBXVariantGroup section */

/* Begin XCBuildConfiguration section */
		5A9F996F1959B05B00A77EC6 /* Debug */ = {
			isa = XCBuildConfiguration;
			buildSettings = {
				ALWAYS_SEARCH_USER_PATHS = NO;
				CLANG_CXX_LANGUAGE_STANDARD = "gnu++0x";
				CLANG_CXX_LIBRARY = "libc++";
				CLANG_ENABLE_MODULES = YES;
				CLANG_ENABLE_OBJC_ARC = YES;
				CLANG_WARN_BOOL_CONVERSION = YES;
				CLANG_WARN_CONSTANT_CONVERSION = YES;
				CLANG_WARN_DIRECT_OBJC_ISA_USAGE = YES_ERROR;
				CLANG_WARN_EMPTY_BODY = YES;
				CLANG_WARN_ENUM_CONVERSION = YES;
				CLANG_WARN_INT_CONVERSION = YES;
				CLANG_WARN_OBJC_ROOT_CLASS = YES_ERROR;
				CLANG_WARN__DUPLICATE_METHOD_MATCH = YES;
				"CODE_SIGN_IDENTITY[sdk=iphoneos*]" = "iPhone Developer";
				COPY_PHASE_STRIP = NO;
				GCC_C_LANGUAGE_STANDARD = gnu99;
				GCC_DYNAMIC_NO_PIC = NO;
				GCC_OPTIMIZATION_LEVEL = 0;
				GCC_PREPROCESSOR_DEFINITIONS = (
					"DEBUG=1",
					"$(inherited)",
				);
				GCC_SYMBOLS_PRIVATE_EXTERN = NO;
				GCC_WARN_64_TO_32_BIT_CONVERSION = YES;
				GCC_WARN_ABOUT_RETURN_TYPE = YES_ERROR;
				GCC_WARN_UNDECLARED_SELECTOR = YES;
				GCC_WARN_UNINITIALIZED_AUTOS = YES_AGGRESSIVE;
				GCC_WARN_UNUSED_FUNCTION = YES;
				GCC_WARN_UNUSED_VARIABLE = YES;
				IPHONEOS_DEPLOYMENT_TARGET = 7.1;
				ONLY_ACTIVE_ARCH = YES;
				SDKROOT = iphoneos;
				TARGETED_DEVICE_FAMILY = "1,2";
			};
			name = Debug;
		};
		5A9F99701959B05B00A77EC6 /* Release */ = {
			isa = XCBuildConfiguration;
			buildSettings = {
				ALWAYS_SEARCH_USER_PATHS = NO;
				CLANG_CXX_LANGUAGE_STANDARD = "gnu++0x";
				CLANG_CXX_LIBRARY = "libc++";
				CLANG_ENABLE_MODULES = YES;
				CLANG_ENABLE_OBJC_ARC = YES;
				CLANG_WARN_BOOL_CONVERSION = YES;
				CLANG_WARN_CONSTANT_CONVERSION = YES;
				CLANG_WARN_DIRECT_OBJC_ISA_USAGE = YES_ERROR;
				CLANG_WARN_EMPTY_BODY = YES;
				CLANG_WARN_ENUM_CONVERSION = YES;
				CLANG_WARN_INT_CONVERSION = YES;
				CLANG_WARN_OBJC_ROOT_CLASS = YES_ERROR;
				CLANG_WARN__DUPLICATE_METHOD_MATCH = YES;
				"CODE_SIGN_IDENTITY[sdk=iphoneos*]" = "iPhone Developer";
				COPY_PHASE_STRIP = YES;
				ENABLE_NS_ASSERTIONS = NO;
				GCC_C_LANGUAGE_STANDARD = gnu99;
				GCC_WARN_64_TO_32_BIT_CONVERSION = YES;
				GCC_WARN_ABOUT_RETURN_TYPE = YES_ERROR;
				GCC_WARN_UNDECLARED_SELECTOR = YES;
				GCC_WARN_UNINITIALIZED_AUTOS = YES_AGGRESSIVE;
				GCC_WARN_UNUSED_FUNCTION = YES;
				GCC_WARN_UNUSED_VARIABLE = YES;
				IPHONEOS_DEPLOYMENT_TARGET = 7.1;
				SDKROOT = iphoneos;
				TARGETED_DEVICE_FAMILY = "1,2";
				VALIDATE_PRODUCT = YES;
			};
			name = Release;
		};
		5A9F99721959B05B00A77EC6 /* Debug */ = {
			isa = XCBuildConfiguration;
			buildSettings = {
				ASSETCATALOG_COMPILER_APPICON_NAME = AppIcon;
				ASSETCATALOG_COMPILER_LAUNCHIMAGE_NAME = LaunchImage;
				GCC_PRECOMPILE_PREFIX_HEADER = YES;
				GCC_PREFIX_HEADER = "aniAni/aniAni-Prefix.pch";
				INFOPLIST_FILE = "aniAni/aniAni-Info.plist";
				PRODUCT_NAME = "$(TARGET_NAME)";
				WRAPPER_EXTENSION = app;
			};
			name = Debug;
		};
		5A9F99731959B05B00A77EC6 /* Release */ = {
			isa = XCBuildConfiguration;
			buildSettings = {
				ASSETCATALOG_COMPILER_APPICON_NAME = AppIcon;
				ASSETCATALOG_COMPILER_LAUNCHIMAGE_NAME = LaunchImage;
				GCC_PRECOMPILE_PREFIX_HEADER = YES;
				GCC_PREFIX_HEADER = "aniAni/aniAni-Prefix.pch";
				INFOPLIST_FILE = "aniAni/aniAni-Info.plist";
				PRODUCT_NAME = "$(TARGET_NAME)";
				WRAPPER_EXTENSION = app;
			};
			name = Release;
		};
		5A9F99751959B05B00A77EC6 /* Debug */ = {
			isa = XCBuildConfiguration;
			buildSettings = {
				BUNDLE_LOADER = "$(BUILT_PRODUCTS_DIR)/aniAni.app/aniAni";
				FRAMEWORK_SEARCH_PATHS = (
					"$(SDKROOT)/Developer/Library/Frameworks",
					"$(inherited)",
					"$(DEVELOPER_FRAMEWORKS_DIR)",
				);
				GCC_PRECOMPILE_PREFIX_HEADER = YES;
				GCC_PREFIX_HEADER = "aniAni/aniAni-Prefix.pch";
				GCC_PREPROCESSOR_DEFINITIONS = (
					"DEBUG=1",
					"$(inherited)",
				);
				INFOPLIST_FILE = "aniAniTests/aniAniTests-Info.plist";
				PRODUCT_NAME = "$(TARGET_NAME)";
				TEST_HOST = "$(BUNDLE_LOADER)";
				WRAPPER_EXTENSION = xctest;
			};
			name = Debug;
		};
		5A9F99761959B05B00A77EC6 /* Release */ = {
			isa = XCBuildConfiguration;
			buildSettings = {
				BUNDLE_LOADER = "$(BUILT_PRODUCTS_DIR)/aniAni.app/aniAni";
				FRAMEWORK_SEARCH_PATHS = (
					"$(SDKROOT)/Developer/Library/Frameworks",
					"$(inherited)",
					"$(DEVELOPER_FRAMEWORKS_DIR)",
				);
				GCC_PRECOMPILE_PREFIX_HEADER = YES;
				GCC_PREFIX_HEADER = "aniAni/aniAni-Prefix.pch";
				INFOPLIST_FILE = "aniAniTests/aniAniTests-Info.plist";
				PRODUCT_NAME = "$(TARGET_NAME)";
				TEST_HOST = "$(BUNDLE_LOADER)";
				WRAPPER_EXTENSION = xctest;
			};
			name = Release;
		};
/* End XCBuildConfiguration section */

/* Begin XCConfigurationList section */
		5A9F99371959B05B00A77EC6 /* Build configuration list for PBXProject "aniAni" */ = {
			isa = XCConfigurationList;
			buildConfigurations = (
				5A9F996F1959B05B00A77EC6 /* Debug */,
				5A9F99701959B05B00A77EC6 /* Release */,
			);
			defaultConfigurationIsVisible = 0;
			defaultConfigurationName = Release;
		};
		5A9F99711959B05B00A77EC6 /* Build configuration list for PBXNativeTarget "aniAni" */ = {
			isa = XCConfigurationList;
			buildConfigurations = (
				5A9F99721959B05B00A77EC6 /* Debug */,
				5A9F99731959B05B00A77EC6 /* Release */,
			);
			defaultConfigurationIsVisible = 0;
			defaultConfigurationName = Release;
		};
		5A9F99741959B05B00A77EC6 /* Build configuration list for PBXNativeTarget "aniAniTests" */ = {
			isa = XCConfigurationList;
			buildConfigurations = (
				5A9F99751959B05B00A77EC6 /* Debug */,
				5A9F99761959B05B00A77EC6 /* Release */,
			);
			defaultConfigurationIsVisible = 0;
			defaultConfigurationName = Release;
		};
/* End XCConfigurationList section */
	};
	rootObject = 5A9F99341959B05B00A77EC6 /* Project object */;
}
