// !$*UTF8*$!
{
	archiveVersion = 1;
	classes = {
	};
	objectVersion = 46;
	objects = {

/* Begin PBXBuildFile section */
		5A9F98FA1959A9DB00A77EC6 /* Foundation.framework in Frameworks */ = {isa = PBXBuildFile; fileRef = 5A9F98F91959A9DB00A77EC6 /* Foundation.framework */; };
		5A9F98FC1959A9DB00A77EC6 /* CoreGraphics.framework in Frameworks */ = {isa = PBXBuildFile; fileRef = 5A9F98FB1959A9DB00A77EC6 /* CoreGraphics.framework */; };
		5A9F98FE1959A9DB00A77EC6 /* UIKit.framework in Frameworks */ = {isa = PBXBuildFile; fileRef = 5A9F98FD1959A9DB00A77EC6 /* UIKit.framework */; };
		5A9F99041959A9DB00A77EC6 /* InfoPlist.strings in Resources */ = {isa = PBXBuildFile; fileRef = 5A9F99021959A9DB00A77EC6 /* InfoPlist.strings */; };
		5A9F99061959A9DB00A77EC6 /* main.m in Sources */ = {isa = PBXBuildFile; fileRef = 5A9F99051959A9DB00A77EC6 /* main.m */; };
		5A9F990A1959A9DB00A77EC6 /* ECTAppDelegate.m in Sources */ = {isa = PBXBuildFile; fileRef = 5A9F99091959A9DB00A77EC6 /* ECTAppDelegate.m */; };
		5A9F990D1959A9DB00A77EC6 /* Main_iPhone.storyboard in Resources */ = {isa = PBXBuildFile; fileRef = 5A9F990B1959A9DB00A77EC6 /* Main_iPhone.storyboard */; };
		5A9F99101959A9DB00A77EC6 /* Main_iPad.storyboard in Resources */ = {isa = PBXBuildFile; fileRef = 5A9F990E1959A9DB00A77EC6 /* Main_iPad.storyboard */; };
		5A9F99131959A9DB00A77EC6 /* ECTViewController.m in Sources */ = {isa = PBXBuildFile; fileRef = 5A9F99121959A9DB00A77EC6 /* ECTViewController.m */; };
		5A9F99151959A9DB00A77EC6 /* Images.xcassets in Resources */ = {isa = PBXBuildFile; fileRef = 5A9F99141959A9DB00A77EC6 /* Images.xcassets */; };
		5A9F991C1959A9DC00A77EC6 /* XCTest.framework in Frameworks */ = {isa = PBXBuildFile; fileRef = 5A9F991B1959A9DC00A77EC6 /* XCTest.framework */; };
		5A9F991D1959A9DC00A77EC6 /* Foundation.framework in Frameworks */ = {isa = PBXBuildFile; fileRef = 5A9F98F91959A9DB00A77EC6 /* Foundation.framework */; };
		5A9F991E1959A9DC00A77EC6 /* UIKit.framework in Frameworks */ = {isa = PBXBuildFile; fileRef = 5A9F98FD1959A9DB00A77EC6 /* UIKit.framework */; };
		5A9F99261959A9DC00A77EC6 /* InfoPlist.strings in Resources */ = {isa = PBXBuildFile; fileRef = 5A9F99241959A9DC00A77EC6 /* InfoPlist.strings */; };
		5A9F99281959A9DC00A77EC6 /* animationStationTests.m in Sources */ = {isa = PBXBuildFile; fileRef = 5A9F99271959A9DC00A77EC6 /* animationStationTests.m */; };
/* End PBXBuildFile section */

/* Begin PBXContainerItemProxy section */
		5A9F991F1959A9DC00A77EC6 /* PBXContainerItemProxy */ = {
			isa = PBXContainerItemProxy;
			containerPortal = 5A9F98EE1959A9DB00A77EC6 /* Project object */;
			proxyType = 1;
			remoteGlobalIDString = 5A9F98F51959A9DB00A77EC6;
			remoteInfo = animationStation;
		};
/* End PBXContainerItemProxy section */

/* Begin PBXFileReference section */
		5A9F98F61959A9DB00A77EC6 /* animationStation.app */ = {isa = PBXFileReference; explicitFileType = wrapper.application; includeInIndex = 0; path = animationStation.app; sourceTree = BUILT_PRODUCTS_DIR; };
		5A9F98F91959A9DB00A77EC6 /* Foundation.framework */ = {isa = PBXFileReference; lastKnownFileType = wrapper.framework; name = Foundation.framework; path = System/Library/Frameworks/Foundation.framework; sourceTree = SDKROOT; };
		5A9F98FB1959A9DB00A77EC6 /* CoreGraphics.framework */ = {isa = PBXFileReference; lastKnownFileType = wrapper.framework; name = CoreGraphics.framework; path = System/Library/Frameworks/CoreGraphics.framework; sourceTree = SDKROOT; };
		5A9F98FD1959A9DB00A77EC6 /* UIKit.framework */ = {isa = PBXFileReference; lastKnownFileType = wrapper.framework; name = UIKit.framework; path = System/Library/Frameworks/UIKit.framework; sourceTree = SDKROOT; };
		5A9F99011959A9DB00A77EC6 /* animationStation-Info.plist */ = {isa = PBXFileReference; lastKnownFileType = text.plist.xml; path = "animationStation-Info.plist"; sourceTree = "<group>"; };
		5A9F99031959A9DB00A77EC6 /* en */ = {isa = PBXFileReference; lastKnownFileType = text.plist.strings; name = en; path = en.lproj/InfoPlist.strings; sourceTree = "<group>"; };
		5A9F99051959A9DB00A77EC6 /* main.m */ = {isa = PBXFileReference; lastKnownFileType = sourcecode.c.objc; path = main.m; sourceTree = "<group>"; };
		5A9F99071959A9DB00A77EC6 /* animationStation-Prefix.pch */ = {isa = PBXFileReference; lastKnownFileType = sourcecode.c.h; path = "animationStation-Prefix.pch"; sourceTree = "<group>"; };
		5A9F99081959A9DB00A77EC6 /* ECTAppDelegate.h */ = {isa = PBXFileReference; lastKnownFileType = sourcecode.c.h; path = ECTAppDelegate.h; sourceTree = "<group>"; };
		5A9F99091959A9DB00A77EC6 /* ECTAppDelegate.m */ = {isa = PBXFileReference; lastKnownFileType = sourcecode.c.objc; path = ECTAppDelegate.m; sourceTree = "<group>"; };
		5A9F990C1959A9DB00A77EC6 /* Base */ = {isa = PBXFileReference; lastKnownFileType = file.storyboard; name = Base; path = Base.lproj/Main_iPhone.storyboard; sourceTree = "<group>"; };
		5A9F990F1959A9DB00A77EC6 /* Base */ = {isa = PBXFileReference; lastKnownFileType = file.storyboard; name = Base; path = Base.lproj/Main_iPad.storyboard; sourceTree = "<group>"; };
		5A9F99111959A9DB00A77EC6 /* ECTViewController.h */ = {isa = PBXFileReference; lastKnownFileType = sourcecode.c.h; path = ECTViewController.h; sourceTree = "<group>"; };
		5A9F99121959A9DB00A77EC6 /* ECTViewController.m */ = {isa = PBXFileReference; lastKnownFileType = sourcecode.c.objc; path = ECTViewController.m; sourceTree = "<group>"; };
		5A9F99141959A9DB00A77EC6 /* Images.xcassets */ = {isa = PBXFileReference; lastKnownFileType = folder.assetcatalog; path = Images.xcassets; sourceTree = "<group>"; };
		5A9F991A1959A9DC00A77EC6 /* animationStationTests.xctest */ = {isa = PBXFileReference; explicitFileType = wrapper.cfbundle; includeInIndex = 0; path = animationStationTests.xctest; sourceTree = BUILT_PRODUCTS_DIR; };
		5A9F991B1959A9DC00A77EC6 /* XCTest.framework */ = {isa = PBXFileReference; lastKnownFileType = wrapper.framework; name = XCTest.framework; path = Library/Frameworks/XCTest.framework; sourceTree = DEVELOPER_DIR; };
		5A9F99231959A9DC00A77EC6 /* animationStationTests-Info.plist */ = {isa = PBXFileReference; lastKnownFileType = text.plist.xml; path = "animationStationTests-Info.plist"; sourceTree = "<group>"; };
		5A9F99251959A9DC00A77EC6 /* en */ = {isa = PBXFileReference; lastKnownFileType = text.plist.strings; name = en; path = en.lproj/InfoPlist.strings; sourceTree = "<group>"; };
		5A9F99271959A9DC00A77EC6 /* animationStationTests.m */ = {isa = PBXFileReference; lastKnownFileType = sourcecode.c.objc; path = animationStationTests.m; sourceTree = "<group>"; };
/* End PBXFileReference section */

/* Begin PBXFrameworksBuildPhase section */
		5A9F98F31959A9DB00A77EC6 /* Frameworks */ = {
			isa = PBXFrameworksBuildPhase;
			buildActionMask = 2147483647;
			files = (
				5A9F98FC1959A9DB00A77EC6 /* CoreGraphics.framework in Frameworks */,
				5A9F98FE1959A9DB00A77EC6 /* UIKit.framework in Frameworks */,
				5A9F98FA1959A9DB00A77EC6 /* Foundation.framework in Frameworks */,
			);
			runOnlyForDeploymentPostprocessing = 0;
		};
		5A9F99171959A9DC00A77EC6 /* Frameworks */ = {
			isa = PBXFrameworksBuildPhase;
			buildActionMask = 2147483647;
			files = (
				5A9F991C1959A9DC00A77EC6 /* XCTest.framework in Frameworks */,
				5A9F991E1959A9DC00A77EC6 /* UIKit.framework in Frameworks */,
				5A9F991D1959A9DC00A77EC6 /* Foundation.framework in Frameworks */,
			);
			runOnlyForDeploymentPostprocessing = 0;
		};
/* End PBXFrameworksBuildPhase section */

/* Begin PBXGroup section */
		5A9F98ED1959A9DB00A77EC6 = {
			isa = PBXGroup;
			children = (
				5A9F98FF1959A9DB00A77EC6 /* animationStation */,
				5A9F99211959A9DC00A77EC6 /* animationStationTests */,
				5A9F98F81959A9DB00A77EC6 /* Frameworks */,
				5A9F98F71959A9DB00A77EC6 /* Products */,
			);
			sourceTree = "<group>";
		};
		5A9F98F71959A9DB00A77EC6 /* Products */ = {
			isa = PBXGroup;
			children = (
				5A9F98F61959A9DB00A77EC6 /* animationStation.app */,
				5A9F991A1959A9DC00A77EC6 /* animationStationTests.xctest */,
			);
			name = Products;
			sourceTree = "<group>";
		};
		5A9F98F81959A9DB00A77EC6 /* Frameworks */ = {
			isa = PBXGroup;
			children = (
				5A9F98F91959A9DB00A77EC6 /* Foundation.framework */,
				5A9F98FB1959A9DB00A77EC6 /* CoreGraphics.framework */,
				5A9F98FD1959A9DB00A77EC6 /* UIKit.framework */,
				5A9F991B1959A9DC00A77EC6 /* XCTest.framework */,
			);
			name = Frameworks;
			sourceTree = "<group>";
		};
		5A9F98FF1959A9DB00A77EC6 /* animationStation */ = {
			isa = PBXGroup;
			children = (
				5A9F99311959A9E900A77EC6 /* Delegate */,
				5A9F990B1959A9DB00A77EC6 /* Main_iPhone.storyboard */,
				5A9F990E1959A9DB00A77EC6 /* Main_iPad.storyboard */,
				5A9F99321959A9F100A77EC6 /* ViewControllers */,
				5A9F99141959A9DB00A77EC6 /* Images.xcassets */,
				5A9F99001959A9DB00A77EC6 /* Supporting Files */,
			);
			path = animationStation;
			sourceTree = "<group>";
		};
		5A9F99001959A9DB00A77EC6 /* Supporting Files */ = {
			isa = PBXGroup;
			children = (
				5A9F99011959A9DB00A77EC6 /* animationStation-Info.plist */,
				5A9F99021959A9DB00A77EC6 /* InfoPlist.strings */,
				5A9F99051959A9DB00A77EC6 /* main.m */,
				5A9F99071959A9DB00A77EC6 /* animationStation-Prefix.pch */,
			);
			name = "Supporting Files";
			sourceTree = "<group>";
		};
		5A9F99211959A9DC00A77EC6 /* animationStationTests */ = {
			isa = PBXGroup;
			children = (
				5A9F99271959A9DC00A77EC6 /* animationStationTests.m */,
				5A9F99221959A9DC00A77EC6 /* Supporting Files */,
			);
			path = animationStationTests;
			sourceTree = "<group>";
		};
		5A9F99221959A9DC00A77EC6 /* Supporting Files */ = {
			isa = PBXGroup;
			children = (
				5A9F99231959A9DC00A77EC6 /* animationStationTests-Info.plist */,
				5A9F99241959A9DC00A77EC6 /* InfoPlist.strings */,
			);
			name = "Supporting Files";
			sourceTree = "<group>";
		};
		5A9F99311959A9E900A77EC6 /* Delegate */ = {
			isa = PBXGroup;
			children = (
				5A9F99081959A9DB00A77EC6 /* ECTAppDelegate.h */,
				5A9F99091959A9DB00A77EC6 /* ECTAppDelegate.m */,
			);
			name = Delegate;
			sourceTree = "<group>";
		};
		5A9F99321959A9F100A77EC6 /* ViewControllers */ = {
			isa = PBXGroup;
			children = (
				5A9F99111959A9DB00A77EC6 /* ECTViewController.h */,
				5A9F99121959A9DB00A77EC6 /* ECTViewController.m */,
			);
			name = ViewControllers;
			sourceTree = "<group>";
		};
/* End PBXGroup section */

/* Begin PBXNativeTarget section */
		5A9F98F51959A9DB00A77EC6 /* animationStation */ = {
			isa = PBXNativeTarget;
			buildConfigurationList = 5A9F992B1959A9DC00A77EC6 /* Build configuration list for PBXNativeTarget "animationStation" */;
			buildPhases = (
				5A9F98F21959A9DB00A77EC6 /* Sources */,
				5A9F98F31959A9DB00A77EC6 /* Frameworks */,
				5A9F98F41959A9DB00A77EC6 /* Resources */,
			);
			buildRules = (
			);
			dependencies = (
			);
			name = animationStation;
			productName = animationStation;
			productReference = 5A9F98F61959A9DB00A77EC6 /* animationStation.app */;
			productType = "com.apple.product-type.application";
		};
		5A9F99191959A9DC00A77EC6 /* animationStationTests */ = {
			isa = PBXNativeTarget;
			buildConfigurationList = 5A9F992E1959A9DC00A77EC6 /* Build configuration list for PBXNativeTarget "animationStationTests" */;
			buildPhases = (
				5A9F99161959A9DC00A77EC6 /* Sources */,
				5A9F99171959A9DC00A77EC6 /* Frameworks */,
				5A9F99181959A9DC00A77EC6 /* Resources */,
			);
			buildRules = (
			);
			dependencies = (
				5A9F99201959A9DC00A77EC6 /* PBXTargetDependency */,
			);
			name = animationStationTests;
			productName = animationStationTests;
			productReference = 5A9F991A1959A9DC00A77EC6 /* animationStationTests.xctest */;
			productType = "com.apple.product-type.bundle.unit-test";
		};
/* End PBXNativeTarget section */

/* Begin PBXProject section */
		5A9F98EE1959A9DB00A77EC6 /* Project object */ = {
			isa = PBXProject;
			attributes = {
				CLASSPREFIX = ECT;
				LastUpgradeCheck = 0510;
				ORGANIZATIONNAME = ExcepApps;
				TargetAttributes = {
					5A9F99191959A9DC00A77EC6 = {
						TestTargetID = 5A9F98F51959A9DB00A77EC6;
					};
				};
			};
			buildConfigurationList = 5A9F98F11959A9DB00A77EC6 /* Build configuration list for PBXProject "animationStation" */;
			compatibilityVersion = "Xcode 3.2";
			developmentRegion = English;
			hasScannedForEncodings = 0;
			knownRegions = (
				en,
				Base,
			);
			mainGroup = 5A9F98ED1959A9DB00A77EC6;
			productRefGroup = 5A9F98F71959A9DB00A77EC6 /* Products */;
			projectDirPath = "";
			projectRoot = "";
			targets = (
				5A9F98F51959A9DB00A77EC6 /* animationStation */,
				5A9F99191959A9DC00A77EC6 /* animationStationTests */,
			);
		};
/* End PBXProject section */

/* Begin PBXResourcesBuildPhase section */
		5A9F98F41959A9DB00A77EC6 /* Resources */ = {
			isa = PBXResourcesBuildPhase;
			buildActionMask = 2147483647;
			files = (
				5A9F99101959A9DB00A77EC6 /* Main_iPad.storyboard in Resources */,
				5A9F99151959A9DB00A77EC6 /* Images.xcassets in Resources */,
				5A9F990D1959A9DB00A77EC6 /* Main_iPhone.storyboard in Resources */,
				5A9F99041959A9DB00A77EC6 /* InfoPlist.strings in Resources */,
			);
			runOnlyForDeploymentPostprocessing = 0;
		};
		5A9F99181959A9DC00A77EC6 /* Resources */ = {
			isa = PBXResourcesBuildPhase;
			buildActionMask = 2147483647;
			files = (
				5A9F99261959A9DC00A77EC6 /* InfoPlist.strings in Resources */,
			);
			runOnlyForDeploymentPostprocessing = 0;
		};
/* End PBXResourcesBuildPhase section */

/* Begin PBXSourcesBuildPhase section */
		5A9F98F21959A9DB00A77EC6 /* Sources */ = {
			isa = PBXSourcesBuildPhase;
			buildActionMask = 2147483647;
			files = (
				5A9F99131959A9DB00A77EC6 /* ECTViewController.m in Sources */,
				5A9F99061959A9DB00A77EC6 /* main.m in Sources */,
				5A9F990A1959A9DB00A77EC6 /* ECTAppDelegate.m in Sources */,
			);
			runOnlyForDeploymentPostprocessing = 0;
		};
		5A9F99161959A9DC00A77EC6 /* Sources */ = {
			isa = PBXSourcesBuildPhase;
			buildActionMask = 2147483647;
			files = (
				5A9F99281959A9DC00A77EC6 /* animationStationTests.m in Sources */,
			);
			runOnlyForDeploymentPostprocessing = 0;
		};
/* End PBXSourcesBuildPhase section */

/* Begin PBXTargetDependency section */
		5A9F99201959A9DC00A77EC6 /* PBXTargetDependency */ = {
			isa = PBXTargetDependency;
			target = 5A9F98F51959A9DB00A77EC6 /* animationStation */;
			targetProxy = 5A9F991F1959A9DC00A77EC6 /* PBXContainerItemProxy */;
		};
/* End PBXTargetDependency section */

/* Begin PBXVariantGroup section */
		5A9F99021959A9DB00A77EC6 /* InfoPlist.strings */ = {
			isa = PBXVariantGroup;
			children = (
				5A9F99031959A9DB00A77EC6 /* en */,
			);
			name = InfoPlist.strings;
			sourceTree = "<group>";
		};
		5A9F990B1959A9DB00A77EC6 /* Main_iPhone.storyboard */ = {
			isa = PBXVariantGroup;
			children = (
				5A9F990C1959A9DB00A77EC6 /* Base */,
			);
			name = Main_iPhone.storyboard;
			sourceTree = "<group>";
		};
		5A9F990E1959A9DB00A77EC6 /* Main_iPad.storyboard */ = {
			isa = PBXVariantGroup;
			children = (
				5A9F990F1959A9DB00A77EC6 /* Base */,
			);
			name = Main_iPad.storyboard;
			sourceTree = "<group>";
		};
		5A9F99241959A9DC00A77EC6 /* InfoPlist.strings */ = {
			isa = PBXVariantGroup;
			children = (
				5A9F99251959A9DC00A77EC6 /* en */,
			);
			name = InfoPlist.strings;
			sourceTree = "<group>";
		};
/* End PBXVariantGroup section */

/* Begin XCBuildConfiguration section */
		5A9F99291959A9DC00A77EC6 /* Debug */ = {
			isa = XCBuildConfiguration;
			buildSettings = {
				ALWAYS_SEARCH_USER_PATHS = NO;
				CLANG_CXX_LANGUAGE_STANDARD = "gnu++0x";
				CLANG_CXX_LIBRARY = "libc++";
				CLANG_ENABLE_MODULES = YES;
				CLANG_ENABLE_OBJC_ARC = YES;
				CLANG_WARN_BOOL_CONVERSION = YES;
				CLANG_WARN_CONSTANT_CONVERSION = YES;
				CLANG_WARN_DIRECT_OBJC_ISA_USAGE = YES_ERROR;
				CLANG_WARN_EMPTY_BODY = YES;
				CLANG_WARN_ENUM_CONVERSION = YES;
				CLANG_WARN_INT_CONVERSION = YES;
				CLANG_WARN_OBJC_ROOT_CLASS = YES_ERROR;
				CLANG_WARN__DUPLICATE_METHOD_MATCH = YES;
				"CODE_SIGN_IDENTITY[sdk=iphoneos*]" = "iPhone Developer";
				COPY_PHASE_STRIP = NO;
				GCC_C_LANGUAGE_STANDARD = gnu99;
				GCC_DYNAMIC_NO_PIC = NO;
				GCC_OPTIMIZATION_LEVEL = 0;
				GCC_PREPROCESSOR_DEFINITIONS = (
					"DEBUG=1",
					"$(inherited)",
				);
				GCC_SYMBOLS_PRIVATE_EXTERN = NO;
				GCC_WARN_64_TO_32_BIT_CONVERSION = YES;
				GCC_WARN_ABOUT_RETURN_TYPE = YES_ERROR;
				GCC_WARN_UNDECLARED_SELECTOR = YES;
				GCC_WARN_UNINITIALIZED_AUTOS = YES_AGGRESSIVE;
				GCC_WARN_UNUSED_FUNCTION = YES;
				GCC_WARN_UNUSED_VARIABLE = YES;
				IPHONEOS_DEPLOYMENT_TARGET = 7.1;
				ONLY_ACTIVE_ARCH = YES;
				SDKROOT = iphoneos;
				TARGETED_DEVICE_FAMILY = "1,2";
			};
			name = Debug;
		};
		5A9F992A1959A9DC00A77EC6 /* Release */ = {
			isa = XCBuildConfiguration;
			buildSettings = {
				ALWAYS_SEARCH_USER_PATHS = NO;
				CLANG_CXX_LANGUAGE_STANDARD = "gnu++0x";
				CLANG_CXX_LIBRARY = "libc++";
				CLANG_ENABLE_MODULES = YES;
				CLANG_ENABLE_OBJC_ARC = YES;
				CLANG_WARN_BOOL_CONVERSION = YES;
				CLANG_WARN_CONSTANT_CONVERSION = YES;
				CLANG_WARN_DIRECT_OBJC_ISA_USAGE = YES_ERROR;
				CLANG_WARN_EMPTY_BODY = YES;
				CLANG_WARN_ENUM_CONVERSION = YES;
				CLANG_WARN_INT_CONVERSION = YES;
				CLANG_WARN_OBJC_ROOT_CLASS = YES_ERROR;
				CLANG_WARN__DUPLICATE_METHOD_MATCH = YES;
				"CODE_SIGN_IDENTITY[sdk=iphoneos*]" = "iPhone Developer";
				COPY_PHASE_STRIP = YES;
				ENABLE_NS_ASSERTIONS = NO;
				GCC_C_LANGUAGE_STANDARD = gnu99;
				GCC_WARN_64_TO_32_BIT_CONVERSION = YES;
				GCC_WARN_ABOUT_RETURN_TYPE = YES_ERROR;
				GCC_WARN_UNDECLARED_SELECTOR = YES;
				GCC_WARN_UNINITIALIZED_AUTOS = YES_AGGRESSIVE;
				GCC_WARN_UNUSED_FUNCTION = YES;
				GCC_WARN_UNUSED_VARIABLE = YES;
				IPHONEOS_DEPLOYMENT_TARGET = 7.1;
				SDKROOT = iphoneos;
				TARGETED_DEVICE_FAMILY = "1,2";
				VALIDATE_PRODUCT = YES;
			};
			name = Release;
		};
		5A9F992C1959A9DC00A77EC6 /* Debug */ = {
			isa = XCBuildConfiguration;
			buildSettings = {
				ASSETCATALOG_COMPILER_APPICON_NAME = AppIcon;
				ASSETCATALOG_COMPILER_LAUNCHIMAGE_NAME = LaunchImage;
				GCC_PRECOMPILE_PREFIX_HEADER = YES;
				GCC_PREFIX_HEADER = "animationStation/animationStation-Prefix.pch";
				INFOPLIST_FILE = "animationStation/animationStation-Info.plist";
				PRODUCT_NAME = "$(TARGET_NAME)";
				WRAPPER_EXTENSION = app;
			};
			name = Debug;
		};
		5A9F992D1959A9DC00A77EC6 /* Release */ = {
			isa = XCBuildConfiguration;
			buildSettings = {
				ASSETCATALOG_COMPILER_APPICON_NAME = AppIcon;
				ASSETCATALOG_COMPILER_LAUNCHIMAGE_NAME = LaunchImage;
				GCC_PRECOMPILE_PREFIX_HEADER = YES;
				GCC_PREFIX_HEADER = "animationStation/animationStation-Prefix.pch";
				INFOPLIST_FILE = "animationStation/animationStation-Info.plist";
				PRODUCT_NAME = "$(TARGET_NAME)";
				WRAPPER_EXTENSION = app;
			};
			name = Release;
		};
		5A9F992F1959A9DC00A77EC6 /* Debug */ = {
			isa = XCBuildConfiguration;
			buildSettings = {
				BUNDLE_LOADER = "$(BUILT_PRODUCTS_DIR)/animationStation.app/animationStation";
				FRAMEWORK_SEARCH_PATHS = (
					"$(SDKROOT)/Developer/Library/Frameworks",
					"$(inherited)",
					"$(DEVELOPER_FRAMEWORKS_DIR)",
				);
				GCC_PRECOMPILE_PREFIX_HEADER = YES;
				GCC_PREFIX_HEADER = "animationStation/animationStation-Prefix.pch";
				GCC_PREPROCESSOR_DEFINITIONS = (
					"DEBUG=1",
					"$(inherited)",
				);
				INFOPLIST_FILE = "animationStationTests/animationStationTests-Info.plist";
				PRODUCT_NAME = "$(TARGET_NAME)";
				TEST_HOST = "$(BUNDLE_LOADER)";
				WRAPPER_EXTENSION = xctest;
			};
			name = Debug;
		};
		5A9F99301959A9DC00A77EC6 /* Release */ = {
			isa = XCBuildConfiguration;
			buildSettings = {
				BUNDLE_LOADER = "$(BUILT_PRODUCTS_DIR)/animationStation.app/animationStation";
				FRAMEWORK_SEARCH_PATHS = (
					"$(SDKROOT)/Developer/Library/Frameworks",
					"$(inherited)",
					"$(DEVELOPER_FRAMEWORKS_DIR)",
				);
				GCC_PRECOMPILE_PREFIX_HEADER = YES;
				GCC_PREFIX_HEADER = "animationStation/animationStation-Prefix.pch";
				INFOPLIST_FILE = "animationStationTests/animationStationTests-Info.plist";
				PRODUCT_NAME = "$(TARGET_NAME)";
				TEST_HOST = "$(BUNDLE_LOADER)";
				WRAPPER_EXTENSION = xctest;
			};
			name = Release;
		};
/* End XCBuildConfiguration section */

/* Begin XCConfigurationList section */
		5A9F98F11959A9DB00A77EC6 /* Build configuration list for PBXProject "animationStation" */ = {
			isa = XCConfigurationList;
			buildConfigurations = (
				5A9F99291959A9DC00A77EC6 /* Debug */,
				5A9F992A1959A9DC00A77EC6 /* Release */,
			);
			defaultConfigurationIsVisible = 0;
			defaultConfigurationName = Release;
		};
		5A9F992B1959A9DC00A77EC6 /* Build configuration list for PBXNativeTarget "animationStation" */ = {
			isa = XCConfigurationList;
			buildConfigurations = (
				5A9F992C1959A9DC00A77EC6 /* Debug */,
				5A9F992D1959A9DC00A77EC6 /* Release */,
			);
			defaultConfigurationIsVisible = 0;
		};
		5A9F992E1959A9DC00A77EC6 /* Build configuration list for PBXNativeTarget "animationStationTests" */ = {
			isa = XCConfigurationList;
			buildConfigurations = (
				5A9F992F1959A9DC00A77EC6 /* Debug */,
				5A9F99301959A9DC00A77EC6 /* Release */,
			);
			defaultConfigurationIsVisible = 0;
		};
/* End XCConfigurationList section */
	};
	rootObject = 5A9F98EE1959A9DB00A77EC6 /* Project object */;
}
